
Microsoft Visual Studio Solution File, Format Version 12.00
# Visual Studio 2013
VisualStudioVersion = 12.0.30501.0
MinimumVisualStudioVersion = 10.0.40219.1
Project("{FAE04EC0-301F-11D3-BF4B-00C04F79EFBC}") = "RedisSessionStateProvider", "RedisSessionStateProvider\RedisSessionStateProvider.csproj", "{65419A26-F83C-4728-8006-F80FA4F41750}"
EndProject
Project("{FAE04EC0-301F-11D3-BF4B-00C04F79EFBC}") = "Test", "Test\Test.csproj", "{81A7832B-3D58-403E-A1CB-DCE65CB94DF4}"
EndProject
Global
	GlobalSection(SolutionConfigurationPlatforms) = preSolution
		Debug|Any CPU = Debug|Any CPU
		Release|Any CPU = Release|Any CPU
	EndGlobalSection
	GlobalSection(ProjectConfigurationPlatforms) = postSolution
		{65419A26-F83C-4728-8006-F80FA4F41750}.Debug|Any CPU.ActiveCfg = Debug|Any CPU
		{65419A26-F83C-4728-8006-F80FA4F41750}.Debug|Any CPU.Build.0 = Debug|Any CPU
		{65419A26-F83C-4728-8006-F80FA4F41750}.Release|Any CPU.ActiveCfg = Release|Any CPU
		{65419A26-F83C-4728-8006-F80FA4F41750}.Release|Any CPU.Build.0 = Release|Any CPU
		{81A7832B-3D58-403E-A1CB-DCE65CB94DF4}.Debug|Any CPU.ActiveCfg = Debug|Any CPU
		{81A7832B-3D58-403E-A1CB-DCE65CB94DF4}.Debug|Any CPU.Build.0 = Debug|Any CPU
		{81A7832B-3D58-403E-A1CB-DCE65CB94DF4}.Release|Any CPU.ActiveCfg = Release|Any CPU
		{81A7832B-3D58-403E-A1CB-DCE65CB94DF4}.Release|Any CPU.Build.0 = Release|Any CPU
	EndGlobalSection
	GlobalSection(SolutionProperties) = preSolution
		HideSolutionNode = FALSE
	EndGlobalSection
EndGlobal
